// !$*UTF8*$!
{
	archiveVersion = 1;
	classes = {
	};
	objectVersion = 46;
	objects = {

/* Begin PBXBuildFile section */
		158D70EF1438A0AB004FA6B3 /* Foundation.framework in Frameworks */ = {isa = PBXBuildFile; fileRef = 158D70EE1438A0AB004FA6B3 /* Foundation.framework */; };
		158D710C1438A19F004FA6B3 /* ILSlidingRevealViewController.h in Headers */ = {isa = PBXBuildFile; fileRef = 158D710A1438A19F004FA6B3 /* ILSlidingRevealViewController.h */; };
		158D710D1438A19F004FA6B3 /* ILSlidingRevealViewController.m in Sources */ = {isa = PBXBuildFile; fileRef = 158D710B1438A19F004FA6B3 /* ILSlidingRevealViewController.m */; };
/* End PBXBuildFile section */

/* Begin PBXFileReference section */
		158D70EB1438A0AB004FA6B3 /* libStructure.a */ = {isa = PBXFileReference; explicitFileType = archive.ar; includeInIndex = 0; path = libStructure.a; sourceTree = BUILT_PRODUCTS_DIR; };
		158D70EE1438A0AB004FA6B3 /* Foundation.framework */ = {isa = PBXFileReference; lastKnownFileType = wrapper.framework; name = Foundation.framework; path = System/Library/Frameworks/Foundation.framework; sourceTree = SDKROOT; };
		158D70F21438A0AB004FA6B3 /* Structure-Prefix.pch */ = {isa = PBXFileReference; lastKnownFileType = sourcecode.c.h; path = "Structure-Prefix.pch"; sourceTree = "<group>"; };
		158D710A1438A19F004FA6B3 /* ILSlidingRevealViewController.h */ = {isa = PBXFileReference; fileEncoding = 4; lastKnownFileType = sourcecode.c.h; path = ILSlidingRevealViewController.h; sourceTree = "<group>"; };
		158D710B1438A19F004FA6B3 /* ILSlidingRevealViewController.m */ = {isa = PBXFileReference; fileEncoding = 4; lastKnownFileType = sourcecode.c.objc; path = ILSlidingRevealViewController.m; sourceTree = "<group>"; };
/* End PBXFileReference section */

/* Begin PBXFrameworksBuildPhase section */
		158D70E81438A0AB004FA6B3 /* Frameworks */ = {
			isa = PBXFrameworksBuildPhase;
			buildActionMask = 2147483647;
			files = (
				158D70EF1438A0AB004FA6B3 /* Foundation.framework in Frameworks */,
			);
			runOnlyForDeploymentPostprocessing = 0;
		};
/* End PBXFrameworksBuildPhase section */

/* Begin PBXGroup section */
		158D70E01438A0AB004FA6B3 = {
			isa = PBXGroup;
			children = (
				158D70F01438A0AB004FA6B3 /* Structure */,
				158D70ED1438A0AB004FA6B3 /* Frameworks */,
				158D70EC1438A0AB004FA6B3 /* Products */,
			);
			sourceTree = "<group>";
		};
		158D70EC1438A0AB004FA6B3 /* Products */ = {
			isa = PBXGroup;
			children = (
				158D70EB1438A0AB004FA6B3 /* libStructure.a */,
			);
			name = Products;
			sourceTree = "<group>";
		};
		158D70ED1438A0AB004FA6B3 /* Frameworks */ = {
			isa = PBXGroup;
			children = (
				158D70EE1438A0AB004FA6B3 /* Foundation.framework */,
			);
			name = Frameworks;
			sourceTree = "<group>";
		};
		158D70F01438A0AB004FA6B3 /* Structure */ = {
			isa = PBXGroup;
			children = (
				158D710A1438A19F004FA6B3 /* ILSlidingRevealViewController.h */,
				158D710B1438A19F004FA6B3 /* ILSlidingRevealViewController.m */,
				158D70F11438A0AB004FA6B3 /* Supporting Files */,
			);
			path = Structure;
			sourceTree = "<group>";
		};
		158D70F11438A0AB004FA6B3 /* Supporting Files */ = {
			isa = PBXGroup;
			children = (
				158D70F21438A0AB004FA6B3 /* Structure-Prefix.pch */,
			);
			name = "Supporting Files";
			sourceTree = "<group>";
		};
/* End PBXGroup section */

/* Begin PBXHeadersBuildPhase section */
		158D70E91438A0AB004FA6B3 /* Headers */ = {
			isa = PBXHeadersBuildPhase;
			buildActionMask = 2147483647;
			files = (
				158D710C1438A19F004FA6B3 /* ILSlidingRevealViewController.h in Headers */,
			);
			runOnlyForDeploymentPostprocessing = 0;
		};
/* End PBXHeadersBuildPhase section */

/* Begin PBXNativeTarget section */
		158D70EA1438A0AB004FA6B3 /* Structure */ = {
			isa = PBXNativeTarget;
			buildConfigurationList = 158D70F81438A0AB004FA6B3 /* Build configuration list for PBXNativeTarget "Structure" */;
			buildPhases = (
				158D70E71438A0AB004FA6B3 /* Sources */,
				158D70E81438A0AB004FA6B3 /* Frameworks */,
				158D70E91438A0AB004FA6B3 /* Headers */,
			);
			buildRules = (
			);
			dependencies = (
			);
			name = Structure;
			productName = Structure;
			productReference = 158D70EB1438A0AB004FA6B3 /* libStructure.a */;
			productType = "com.apple.product-type.library.static";
		};
/* End PBXNativeTarget section */

/* Begin PBXProject section */
		158D70E21438A0AB004FA6B3 /* Project object */ = {
			isa = PBXProject;
			attributes = {
				LastUpgradeCheck = 0420;
			};
			buildConfigurationList = 158D70E51438A0AB004FA6B3 /* Build configuration list for PBXProject "Structure" */;
			compatibilityVersion = "Xcode 3.2";
			developmentRegion = English;
			hasScannedForEncodings = 0;
			knownRegions = (
				en,
			);
			mainGroup = 158D70E01438A0AB004FA6B3;
			productRefGroup = 158D70EC1438A0AB004FA6B3 /* Products */;
			projectDirPath = "";
			projectRoot = "";
			targets = (
				158D70EA1438A0AB004FA6B3 /* Structure */,
			);
		};
/* End PBXProject section */

/* Begin PBXSourcesBuildPhase section */
		158D70E71438A0AB004FA6B3 /* Sources */ = {
			isa = PBXSourcesBuildPhase;
			buildActionMask = 2147483647;
			files = (
				158D710D1438A19F004FA6B3 /* ILSlidingRevealViewController.m in Sources */,
			);
			runOnlyForDeploymentPostprocessing = 0;
		};
/* End PBXSourcesBuildPhase section */

/* Begin XCBuildConfiguration section */
		158D70F61438A0AB004FA6B3 /* Debug */ = {
			isa = XCBuildConfiguration;
			buildSettings = {
				ALWAYS_SEARCH_USER_PATHS = NO;
				ARCHS = "$(ARCHS_STANDARD_32_BIT)";
				COPY_PHASE_STRIP = NO;
				GCC_C_LANGUAGE_STANDARD = gnu99;
				GCC_DYNAMIC_NO_PIC = NO;
				GCC_OPTIMIZATION_LEVEL = 0;
				GCC_PREPROCESSOR_DEFINITIONS = (
					"DEBUG=1",
					"$(inherited)",
				);
				GCC_SYMBOLS_PRIVATE_EXTERN = NO;
				GCC_VERSION = com.apple.compilers.llvm.clang.1_0;
				GCC_WARN_ABOUT_MISSING_PROTOTYPES = YES;
				GCC_WARN_ABOUT_RETURN_TYPE = YES;
				GCC_WARN_UNUSED_VARIABLE = YES;
				HEADER_SEARCH_PATHS = "\"$SRCROOT\"/..";
				IPHONEOS_DEPLOYMENT_TARGET = 5.0;
				SDKROOT = iphoneos;
			};
			name = Debug;
		};
		158D70F71438A0AB004FA6B3 /* Release */ = {
			isa = XCBuildConfiguration;
			buildSettings = {
				ALWAYS_SEARCH_USER_PATHS = NO;
				ARCHS = "$(ARCHS_STANDARD_32_BIT)";
				COPY_PHASE_STRIP = YES;
				GCC_C_LANGUAGE_STANDARD = gnu99;
				GCC_VERSION = com.apple.compilers.llvm.clang.1_0;
				GCC_WARN_ABOUT_MISSING_PROTOTYPES = YES;
				GCC_WARN_ABOUT_RETURN_TYPE = YES;
				GCC_WARN_UNUSED_VARIABLE = YES;
				HEADER_SEARCH_PATHS = "\"$SRCROOT\"/..";
				IPHONEOS_DEPLOYMENT_TARGET = 5.0;
				SDKROOT = iphoneos;
				VALIDATE_PRODUCT = YES;
			};
			name = Release;
		};
		158D70F91438A0AB004FA6B3 /* Debug */ = {
			isa = XCBuildConfiguration;
			buildSettings = {
				DSTROOT = /tmp/Structure.dst;
				GCC_PRECOMPILE_PREFIX_HEADER = YES;
				GCC_PREFIX_HEADER = "Structure/Structure-Prefix.pch";
				OTHER_LDFLAGS = "-ObjC";
				PRODUCT_NAME = "$(TARGET_NAME)";
				SKIP_INSTALL = YES;
			};
			name = Debug;
		};
		158D70FA1438A0AB004FA6B3 /* Release */ = {
			isa = XCBuildConfiguration;
			buildSettings = {
				DSTROOT = /tmp/Structure.dst;
				GCC_PRECOMPILE_PREFIX_HEADER = YES;
				GCC_PREFIX_HEADER = "Structure/Structure-Prefix.pch";
				OTHER_LDFLAGS = "-ObjC";
				PRODUCT_NAME = "$(TARGET_NAME)";
				SKIP_INSTALL = YES;
			};
			name = Release;
		};
/* End XCBuildConfiguration section */

/* Begin XCConfigurationList section */
		158D70E51438A0AB004FA6B3 /* Build configuration list for PBXProject "Structure" */ = {
			isa = XCConfigurationList;
			buildConfigurations = (
				158D70F61438A0AB004FA6B3 /* Debug */,
				158D70F71438A0AB004FA6B3 /* Release */,
			);
			defaultConfigurationIsVisible = 0;
			defaultConfigurationName = Release;
		};
		158D70F81438A0AB004FA6B3 /* Build configuration list for PBXNativeTarget "Structure" */ = {
			isa = XCConfigurationList;
			buildConfigurations = (
				158D70F91438A0AB004FA6B3 /* Debug */,
				158D70FA1438A0AB004FA6B3 /* Release */,
			);
			defaultConfigurationIsVisible = 0;
			defaultConfigurationName = Release;
		};
/* End XCConfigurationList section */
	};
	rootObject = 158D70E21438A0AB004FA6B3 /* Project object */;
}
